# This file is automatically @generated by Cargo.
# It is not intended for manual editing.
version = 4

[[package]]
name = "utd_android"
version = "0.1.0"

[[package]]
name = "utd_cli"
version = "0.1.0"

[[package]]
name = "utd_lib"
version = "0.1.0"

[[package]]
name = "utd_pc"
version = "0.1.0"

[[package]]
name = "utd_server"
version = "0.1.0"

[[package]]
name = "utd_web"
version = "0.1.0"
